# This file is automatically @generated by Cargo.
# It is not intended for manual editing.
version = 3

[[package]]
name = "anyhow"
version = "1.0.82"
source = "registry+https://github.com/rust-lang/crates.io-index"
checksum = "f538837af36e6f6a9be0faa67f9a314f8119e4e4b5867c6ab40ed60360142519"

[[package]]
name = "itoa"
version = "1.0.11"
source = "registry+https://github.com/rust-lang/crates.io-index"
checksum = "49f1f14873335454500d59611f1cf4a4b0f786f9ac11f4312a78e4cf2566695b"

[[package]]
name = "lazy_static"
version = "1.4.0"
source = "registry+https://github.com/rust-lang/crates.io-index"
checksum = "e2abad23fbc42b3700f2f279844dc832adb2b2eb069b2df918f455c4e18cc646"

[[package]]
name = "nar_dev_utils"
version = "0.27.0"
source = "registry+https://github.com/rust-lang/crates.io-index"
checksum = "72ffab8f795f73c0dc799c3d4b2f072d5b415dcadb07925fe498288a8ad4658d"

[[package]]
name = "narsese"
version = "0.17.0"
source = "registry+https://github.com/rust-lang/crates.io-index"
checksum = "fae0e3128b76dc30ec6043ca4309b43279765fc4c6b6dfed5f0e37e44d7a5b8f"
dependencies = [
 "lazy_static",
 "nar_dev_utils",
]

[[package]]
name = "narust"
version = "0.2.0"
dependencies = [
 "anyhow",
 "nar_dev_utils",
 "narsese",
 "navm",
]

[[package]]
name = "navm"
version = "0.14.1"
source = "registry+https://github.com/rust-lang/crates.io-index"
checksum = "bcaacc0e150da6d931c9bd71be0b4168c1bac253d5439d1c10dde33862de998b"
dependencies = [
 "anyhow",
 "nar_dev_utils",
 "narsese",
 "serde",
 "serde_json",
]

[[package]]
name = "proc-macro2"
version = "1.0.81"
source = "registry+https://github.com/rust-lang/crates.io-index"
checksum = "3d1597b0c024618f09a9c3b8655b7e430397a36d23fdafec26d6965e9eec3eba"
dependencies = [
 "unicode-ident",
]

[[package]]
name = "quote"
version = "1.0.36"
source = "registry+https://github.com/rust-lang/crates.io-index"
checksum = "0fa76aaf39101c457836aec0ce2316dbdc3ab723cdda1c6bd4e6ad4208acaca7"
dependencies = [
 "proc-macro2",
]

[[package]]
name = "ryu"
version = "1.0.17"
source = "registry+https://github.com/rust-lang/crates.io-index"
checksum = "e86697c916019a8588c99b5fac3cead74ec0b4b819707a682fd4d23fa0ce1ba1"

[[package]]
name = "serde"
version = "1.0.198"
source = "registry+https://github.com/rust-lang/crates.io-index"
checksum = "9846a40c979031340571da2545a4e5b7c4163bdae79b301d5f86d03979451fcc"
dependencies = [
 "serde_derive",
]

[[package]]
name = "serde_derive"
version = "1.0.198"
source = "registry+https://github.com/rust-lang/crates.io-index"
checksum = "e88edab869b01783ba905e7d0153f9fc1a6505a96e4ad3018011eedb838566d9"
dependencies = [
 "proc-macro2",
 "quote",
 "syn",
]

[[package]]
name = "serde_json"
version = "1.0.116"
source = "registry+https://github.com/rust-lang/crates.io-index"
checksum = "3e17db7126d17feb94eb3fad46bf1a96b034e8aacbc2e775fe81505f8b0b2813"
dependencies = [
 "itoa",
 "ryu",
 "serde",
]

[[package]]
name = "syn"
version = "2.0.60"
source = "registry+https://github.com/rust-lang/crates.io-index"
checksum = "909518bc7b1c9b779f1bbf07f2929d35af9f0f37e47c6e9ef7f9dddc1e1821f3"
dependencies = [
 "proc-macro2",
 "quote",
 "unicode-ident",
]

[[package]]
name = "unicode-ident"
version = "1.0.12"
source = "registry+https://github.com/rust-lang/crates.io-index"
checksum = "3354b9ac3fae1ff6755cb6db53683adb661634f67557942dea4facebec0fee4b"
