# This file is automatically @generated by Cargo.
# It is not intended for manual editing.
version = 3

[[package]]
name = "anyhow"
version = "1.0.82"
source = "registry+https://github.com/rust-lang/crates.io-index"
checksum = "f538837af36e6f6a9be0faa67f9a314f8119e4e4b5867c6ab40ed60360142519"

[[package]]
name = "lazy_static"
version = "1.4.0"
source = "registry+https://github.com/rust-lang/crates.io-index"
checksum = "e2abad23fbc42b3700f2f279844dc832adb2b2eb069b2df918f455c4e18cc646"

[[package]]
name = "nar_dev_utils"
version = "0.27.0"
source = "registry+https://github.com/rust-lang/crates.io-index"
checksum = "72ffab8f795f73c0dc799c3d4b2f072d5b415dcadb07925fe498288a8ad4658d"

[[package]]
name = "narsese"
version = "0.17.0"
source = "registry+https://github.com/rust-lang/crates.io-index"
checksum = "fae0e3128b76dc30ec6043ca4309b43279765fc4c6b6dfed5f0e37e44d7a5b8f"
dependencies = [
 "lazy_static",
 "nar_dev_utils",
]

[[package]]
name = "narust"
version = "0.2.0"
dependencies = [
 "anyhow",
 "nar_dev_utils",
 "narsese",
]
